Microsoft Visual Studio Solution File, Format Version 12.00
# Visual Studio 14
Project("{8BC9CEB8-8B4A-11D0-8D11-00A0C91BC942}") = "ALL_BUILD", "ALL_BUILD.vcxproj", "{F9AE8BA3-B633-3B24-8E6E-B268380F7352}"
	ProjectSection(ProjectDependencies) = postProject
		{BDA400D5-9421-39AD-80D6-1A2FFEF460F0} = {BDA400D5-9421-39AD-80D6-1A2FFEF460F0}
		{4332EBB2-74D7-35BA-B7C7-CB517591743E} = {4332EBB2-74D7-35BA-B7C7-CB517591743E}
		{D734F6DD-C321-386B-A279-8BB24952EFF1} = {D734F6DD-C321-386B-A279-8BB24952EFF1}
		{B4844C3F-E127-33E4-9645-610BB84E08CB} = {B4844C3F-E127-33E4-9645-610BB84E08CB}
		{479C0957-BE12-357F-9398-48C2568C61E0} = {479C0957-BE12-357F-9398-48C2568C61E0}
		{A16DD3A2-7B86-3062-A7BF-A4798D5BA473} = {A16DD3A2-7B86-3062-A7BF-A4798D5BA473}
		{58671543-346E-345B-9965-981EC2C4793F} = {58671543-346E-345B-9965-981EC2C4793F}
		{B64A8DFB-726B-390B-8B54-076A5A1CA5A7} = {B64A8DFB-726B-390B-8B54-076A5A1CA5A7}
		{25799A6A-C88A-3044-BC92-02C826B42A86} = {25799A6A-C88A-3044-BC92-02C826B42A86}
		{50EDF6D4-17FB-3DD0-A75D-17A96F78F71C} = {50EDF6D4-17FB-3DD0-A75D-17A96F78F71C}
		{033612A8-50B7-34B2-9115-A66B83794EC4} = {033612A8-50B7-34B2-9115-A66B83794EC4}
		{AE48A54A-B6ED-331E-8114-E1ABEE35DC4F} = {AE48A54A-B6ED-331E-8114-E1ABEE35DC4F}
		{165F35FB-923D-3996-A626-C3CC2016CA41} = {165F35FB-923D-3996-A626-C3CC2016CA41}
		{842C6BD8-258B-3BFD-ABEA-5C52022E5418} = {842C6BD8-258B-3BFD-ABEA-5C52022E5418}
		{E2D7514F-69F0-3246-9F81-454127E59A7B} = {E2D7514F-69F0-3246-9F81-454127E59A7B}
		{376C8593-17C8-3FA1-BAF3-91E26838D513} = {376C8593-17C8-3FA1-BAF3-91E26838D513}
		{6A0082E7-5B78-39EB-98C9-306C7CCCB71E} = {6A0082E7-5B78-39EB-98C9-306C7CCCB71E}
		{2E3F6B5A-5FBA-3F6A-A493-3FE1C4566EA7} = {2E3F6B5A-5FBA-3F6A-A493-3FE1C4566EA7}
		{4454D308-2A25-3243-BD7F-950683B45A0E} = {4454D308-2A25-3243-BD7F-950683B45A0E}
		{A50574F0-487A-3A31-8C06-D18AD56DA991} = {A50574F0-487A-3A31-8C06-D18AD56DA991}
		{65544610-7925-35BE-A6A5-4D641FD1DA92} = {65544610-7925-35BE-A6A5-4D641FD1DA92}
		{98BE33A0-0771-31EF-8DF0-A53CE1AE580B} = {98BE33A0-0771-31EF-8DF0-A53CE1AE580B}
		{2BF15AA3-CE88-3BE5-977F-B48217A5CBB8} = {2BF15AA3-CE88-3BE5-977F-B48217A5CBB8}
		{99D9ECC1-12EB-3143-824C-D8A7C9AFCAC2} = {99D9ECC1-12EB-3143-824C-D8A7C9AFCAC2}
		{CDACA925-8CF0-3AC0-A59B-5988A1696D78} = {CDACA925-8CF0-3AC0-A59B-5988A1696D78}
	EndProjectSection
EndProject
Project("{8BC9CEB8-8B4A-11D0-8D11-00A0C91BC942}") = "CallbackMaker", "CallbackMaker.vcxproj", "{BDA400D5-9421-39AD-80D6-1A2FFEF460F0}"
	ProjectSection(ProjectDependencies) = postProject
		{165F35FB-923D-3996-A626-C3CC2016CA41} = {165F35FB-923D-3996-A626-C3CC2016CA41}
		{842C6BD8-258B-3BFD-ABEA-5C52022E5418} = {842C6BD8-258B-3BFD-ABEA-5C52022E5418}
	EndProjectSection
EndProject
Project("{8BC9CEB8-8B4A-11D0-8D11-00A0C91BC942}") = "CallbackMaker_static", "CallbackMaker_static.vcxproj", "{4332EBB2-74D7-35BA-B7C7-CB517591743E}"
	ProjectSection(ProjectDependencies) = postProject
		{165F35FB-923D-3996-A626-C3CC2016CA41} = {165F35FB-923D-3996-A626-C3CC2016CA41}
		{E2D7514F-69F0-3246-9F81-454127E59A7B} = {E2D7514F-69F0-3246-9F81-454127E59A7B}
	EndProjectSection
EndProject
Project("{8BC9CEB8-8B4A-11D0-8D11-00A0C91BC942}") = "Fractals", "Fractals.vcxproj", "{D734F6DD-C321-386B-A279-8BB24952EFF1}"
	ProjectSection(ProjectDependencies) = postProject
		{165F35FB-923D-3996-A626-C3CC2016CA41} = {165F35FB-923D-3996-A626-C3CC2016CA41}
		{842C6BD8-258B-3BFD-ABEA-5C52022E5418} = {842C6BD8-258B-3BFD-ABEA-5C52022E5418}
	EndProjectSection
EndProject
Project("{8BC9CEB8-8B4A-11D0-8D11-00A0C91BC942}") = "Fractals_random", "Fractals_random.vcxproj", "{B4844C3F-E127-33E4-9645-610BB84E08CB}"
	ProjectSection(ProjectDependencies) = postProject
		{165F35FB-923D-3996-A626-C3CC2016CA41} = {165F35FB-923D-3996-A626-C3CC2016CA41}
		{842C6BD8-258B-3BFD-ABEA-5C52022E5418} = {842C6BD8-258B-3BFD-ABEA-5C52022E5418}
	EndProjectSection
EndProject
Project("{8BC9CEB8-8B4A-11D0-8D11-00A0C91BC942}") = "Fractals_random_static", "Fractals_random_static.vcxproj", "{479C0957-BE12-357F-9398-48C2568C61E0}"
	ProjectSection(ProjectDependencies) = postProject
		{165F35FB-923D-3996-A626-C3CC2016CA41} = {165F35FB-923D-3996-A626-C3CC2016CA41}
		{E2D7514F-69F0-3246-9F81-454127E59A7B} = {E2D7514F-69F0-3246-9F81-454127E59A7B}
	EndProjectSection
EndProject
Project("{8BC9CEB8-8B4A-11D0-8D11-00A0C91BC942}") = "Fractals_static", "Fractals_static.vcxproj", "{A16DD3A2-7B86-3062-A7BF-A4798D5BA473}"
	ProjectSection(ProjectDependencies) = postProject
		{165F35FB-923D-3996-A626-C3CC2016CA41} = {165F35FB-923D-3996-A626-C3CC2016CA41}
		{E2D7514F-69F0-3246-9F81-454127E59A7B} = {E2D7514F-69F0-3246-9F81-454127E59A7B}
	EndProjectSection
EndProject
Project("{8BC9CEB8-8B4A-11D0-8D11-00A0C91BC942}") = "INSTALL", "INSTALL.vcxproj", "{19425D51-366C-3891-8C31-4BAC4BB2A019}"
	ProjectSection(ProjectDependencies) = postProject
		{F9AE8BA3-B633-3B24-8E6E-B268380F7352} = {F9AE8BA3-B633-3B24-8E6E-B268380F7352}
	EndProjectSection
EndProject
Project("{8BC9CEB8-8B4A-11D0-8D11-00A0C91BC942}") = "Lorenz", "Lorenz.vcxproj", "{58671543-346E-345B-9965-981EC2C4793F}"
	ProjectSection(ProjectDependencies) = postProject
		{165F35FB-923D-3996-A626-C3CC2016CA41} = {165F35FB-923D-3996-A626-C3CC2016CA41}
		{842C6BD8-258B-3BFD-ABEA-5C52022E5418} = {842C6BD8-258B-3BFD-ABEA-5C52022E5418}
	EndProjectSection
EndProject
Project("{8BC9CEB8-8B4A-11D0-8D11-00A0C91BC942}") = "Lorenz_static", "Lorenz_static.vcxproj", "{B64A8DFB-726B-390B-8B54-076A5A1CA5A7}"
	ProjectSection(ProjectDependencies) = postProject
		{165F35FB-923D-3996-A626-C3CC2016CA41} = {165F35FB-923D-3996-A626-C3CC2016CA41}
		{E2D7514F-69F0-3246-9F81-454127E59A7B} = {E2D7514F-69F0-3246-9F81-454127E59A7B}
	EndProjectSection
EndProject
Project("{8BC9CEB8-8B4A-11D0-8D11-00A0C91BC942}") = "One", "One.vcxproj", "{25799A6A-C88A-3044-BC92-02C826B42A86}"
	ProjectSection(ProjectDependencies) = postProject
		{165F35FB-923D-3996-A626-C3CC2016CA41} = {165F35FB-923D-3996-A626-C3CC2016CA41}
		{842C6BD8-258B-3BFD-ABEA-5C52022E5418} = {842C6BD8-258B-3BFD-ABEA-5C52022E5418}
	EndProjectSection
EndProject
Project("{8BC9CEB8-8B4A-11D0-8D11-00A0C91BC942}") = "One_static", "One_static.vcxproj", "{50EDF6D4-17FB-3DD0-A75D-17A96F78F71C}"
	ProjectSection(ProjectDependencies) = postProject
		{165F35FB-923D-3996-A626-C3CC2016CA41} = {165F35FB-923D-3996-A626-C3CC2016CA41}
		{E2D7514F-69F0-3246-9F81-454127E59A7B} = {E2D7514F-69F0-3246-9F81-454127E59A7B}
	EndProjectSection
EndProject
Project("{8BC9CEB8-8B4A-11D0-8D11-00A0C91BC942}") = "Resizer", "Resizer.vcxproj", "{033612A8-50B7-34B2-9115-A66B83794EC4}"
	ProjectSection(ProjectDependencies) = postProject
		{165F35FB-923D-3996-A626-C3CC2016CA41} = {165F35FB-923D-3996-A626-C3CC2016CA41}
		{842C6BD8-258B-3BFD-ABEA-5C52022E5418} = {842C6BD8-258B-3BFD-ABEA-5C52022E5418}
	EndProjectSection
EndProject
Project("{8BC9CEB8-8B4A-11D0-8D11-00A0C91BC942}") = "Resizer_static", "Resizer_static.vcxproj", "{AE48A54A-B6ED-331E-8114-E1ABEE35DC4F}"
	ProjectSection(ProjectDependencies) = postProject
		{165F35FB-923D-3996-A626-C3CC2016CA41} = {165F35FB-923D-3996-A626-C3CC2016CA41}
		{E2D7514F-69F0-3246-9F81-454127E59A7B} = {E2D7514F-69F0-3246-9F81-454127E59A7B}
	EndProjectSection
EndProject
Project("{8BC9CEB8-8B4A-11D0-8D11-00A0C91BC942}") = "ZERO_CHECK", "ZERO_CHECK.vcxproj", "{165F35FB-923D-3996-A626-C3CC2016CA41}"
	ProjectSection(ProjectDependencies) = postProject
	EndProjectSection
EndProject
Project("{8BC9CEB8-8B4A-11D0-8D11-00A0C91BC942}") = "freeglut", "freeglut.vcxproj", "{842C6BD8-258B-3BFD-ABEA-5C52022E5418}"
	ProjectSection(ProjectDependencies) = postProject
		{165F35FB-923D-3996-A626-C3CC2016CA41} = {165F35FB-923D-3996-A626-C3CC2016CA41}
	EndProjectSection
EndProject
Project("{8BC9CEB8-8B4A-11D0-8D11-00A0C91BC942}") = "freeglut_static", "freeglut_static.vcxproj", "{E2D7514F-69F0-3246-9F81-454127E59A7B}"
	ProjectSection(ProjectDependencies) = postProject
		{165F35FB-923D-3996-A626-C3CC2016CA41} = {165F35FB-923D-3996-A626-C3CC2016CA41}
	EndProjectSection
EndProject
Project("{8BC9CEB8-8B4A-11D0-8D11-00A0C91BC942}") = "multi-touch", "multi-touch.vcxproj", "{376C8593-17C8-3FA1-BAF3-91E26838D513}"
	ProjectSection(ProjectDependencies) = postProject
		{165F35FB-923D-3996-A626-C3CC2016CA41} = {165F35FB-923D-3996-A626-C3CC2016CA41}
		{842C6BD8-258B-3BFD-ABEA-5C52022E5418} = {842C6BD8-258B-3BFD-ABEA-5C52022E5418}
	EndProjectSection
EndProject
Project("{8BC9CEB8-8B4A-11D0-8D11-00A0C91BC942}") = "multi-touch_static", "multi-touch_static.vcxproj", "{6A0082E7-5B78-39EB-98C9-306C7CCCB71E}"
	ProjectSection(ProjectDependencies) = postProject
		{165F35FB-923D-3996-A626-C3CC2016CA41} = {165F35FB-923D-3996-A626-C3CC2016CA41}
		{E2D7514F-69F0-3246-9F81-454127E59A7B} = {E2D7514F-69F0-3246-9F81-454127E59A7B}
	EndProjectSection
EndProject
Project("{8BC9CEB8-8B4A-11D0-8D11-00A0C91BC942}") = "shapes", "shapes.vcxproj", "{2E3F6B5A-5FBA-3F6A-A493-3FE1C4566EA7}"
	ProjectSection(ProjectDependencies) = postProject
		{165F35FB-923D-3996-A626-C3CC2016CA41} = {165F35FB-923D-3996-A626-C3CC2016CA41}
		{842C6BD8-258B-3BFD-ABEA-5C52022E5418} = {842C6BD8-258B-3BFD-ABEA-5C52022E5418}
	EndProjectSection
EndProject
Project("{8BC9CEB8-8B4A-11D0-8D11-00A0C91BC942}") = "shapes_static", "shapes_static.vcxproj", "{4454D308-2A25-3243-BD7F-950683B45A0E}"
	ProjectSection(ProjectDependencies) = postProject
		{165F35FB-923D-3996-A626-C3CC2016CA41} = {165F35FB-923D-3996-A626-C3CC2016CA41}
		{E2D7514F-69F0-3246-9F81-454127E59A7B} = {E2D7514F-69F0-3246-9F81-454127E59A7B}
	EndProjectSection
EndProject
Project("{8BC9CEB8-8B4A-11D0-8D11-00A0C91BC942}") = "smooth_opengl3", "smooth_opengl3.vcxproj", "{A50574F0-487A-3A31-8C06-D18AD56DA991}"
	ProjectSection(ProjectDependencies) = postProject
		{165F35FB-923D-3996-A626-C3CC2016CA41} = {165F35FB-923D-3996-A626-C3CC2016CA41}
		{842C6BD8-258B-3BFD-ABEA-5C52022E5418} = {842C6BD8-258B-3BFD-ABEA-5C52022E5418}
	EndProjectSection
EndProject
Project("{8BC9CEB8-8B4A-11D0-8D11-00A0C91BC942}") = "smooth_opengl3_static", "smooth_opengl3_static.vcxproj", "{65544610-7925-35BE-A6A5-4D641FD1DA92}"
	ProjectSection(ProjectDependencies) = postProject
		{165F35FB-923D-3996-A626-C3CC2016CA41} = {165F35FB-923D-3996-A626-C3CC2016CA41}
		{E2D7514F-69F0-3246-9F81-454127E59A7B} = {E2D7514F-69F0-3246-9F81-454127E59A7B}
	EndProjectSection
EndProject
Project("{8BC9CEB8-8B4A-11D0-8D11-00A0C91BC942}") = "subwin", "subwin.vcxproj", "{98BE33A0-0771-31EF-8DF0-A53CE1AE580B}"
	ProjectSection(ProjectDependencies) = postProject
		{165F35FB-923D-3996-A626-C3CC2016CA41} = {165F35FB-923D-3996-A626-C3CC2016CA41}
		{842C6BD8-258B-3BFD-ABEA-5C52022E5418} = {842C6BD8-258B-3BFD-ABEA-5C52022E5418}
	EndProjectSection
EndProject
Project("{8BC9CEB8-8B4A-11D0-8D11-00A0C91BC942}") = "subwin_static", "subwin_static.vcxproj", "{2BF15AA3-CE88-3BE5-977F-B48217A5CBB8}"
	ProjectSection(ProjectDependencies) = postProject
		{165F35FB-923D-3996-A626-C3CC2016CA41} = {165F35FB-923D-3996-A626-C3CC2016CA41}
		{E2D7514F-69F0-3246-9F81-454127E59A7B} = {E2D7514F-69F0-3246-9F81-454127E59A7B}
	EndProjectSection
EndProject
Project("{8BC9CEB8-8B4A-11D0-8D11-00A0C91BC942}") = "timer", "timer.vcxproj", "{99D9ECC1-12EB-3143-824C-D8A7C9AFCAC2}"
	ProjectSection(ProjectDependencies) = postProject
		{165F35FB-923D-3996-A626-C3CC2016CA41} = {165F35FB-923D-3996-A626-C3CC2016CA41}
		{842C6BD8-258B-3BFD-ABEA-5C52022E5418} = {842C6BD8-258B-3BFD-ABEA-5C52022E5418}
	EndProjectSection
EndProject
Project("{8BC9CEB8-8B4A-11D0-8D11-00A0C91BC942}") = "timer_static", "timer_static.vcxproj", "{CDACA925-8CF0-3AC0-A59B-5988A1696D78}"
	ProjectSection(ProjectDependencies) = postProject
		{165F35FB-923D-3996-A626-C3CC2016CA41} = {165F35FB-923D-3996-A626-C3CC2016CA41}
		{E2D7514F-69F0-3246-9F81-454127E59A7B} = {E2D7514F-69F0-3246-9F81-454127E59A7B}
	EndProjectSection
EndProject
Global
	GlobalSection(SolutionConfigurationPlatforms) = preSolution
		Debug|Win32 = Debug|Win32
		Release|Win32 = Release|Win32
		MinSizeRel|Win32 = MinSizeRel|Win32
		RelWithDebInfo|Win32 = RelWithDebInfo|Win32
	EndGlobalSection
	GlobalSection(ProjectConfigurationPlatforms) = postSolution
		{F9AE8BA3-B633-3B24-8E6E-B268380F7352}.Debug|Win32.ActiveCfg = Debug|Win32
		{F9AE8BA3-B633-3B24-8E6E-B268380F7352}.Debug|Win32.Build.0 = Debug|Win32
		{F9AE8BA3-B633-3B24-8E6E-B268380F7352}.Release|Win32.ActiveCfg = Release|Win32
		{F9AE8BA3-B633-3B24-8E6E-B268380F7352}.Release|Win32.Build.0 = Release|Win32
		{F9AE8BA3-B633-3B24-8E6E-B268380F7352}.MinSizeRel|Win32.ActiveCfg = MinSizeRel|Win32
		{F9AE8BA3-B633-3B24-8E6E-B268380F7352}.MinSizeRel|Win32.Build.0 = MinSizeRel|Win32
		{F9AE8BA3-B633-3B24-8E6E-B268380F7352}.RelWithDebInfo|Win32.ActiveCfg = RelWithDebInfo|Win32
		{F9AE8BA3-B633-3B24-8E6E-B268380F7352}.RelWithDebInfo|Win32.Build.0 = RelWithDebInfo|Win32
		{BDA400D5-9421-39AD-80D6-1A2FFEF460F0}.Debug|Win32.ActiveCfg = Debug|Win32
		{BDA400D5-9421-39AD-80D6-1A2FFEF460F0}.Debug|Win32.Build.0 = Debug|Win32
		{BDA400D5-9421-39AD-80D6-1A2FFEF460F0}.Release|Win32.ActiveCfg = Release|Win32
		{BDA400D5-9421-39AD-80D6-1A2FFEF460F0}.Release|Win32.Build.0 = Release|Win32
		{BDA400D5-9421-39AD-80D6-1A2FFEF460F0}.MinSizeRel|Win32.ActiveCfg = MinSizeRel|Win32
		{BDA400D5-9421-39AD-80D6-1A2FFEF460F0}.MinSizeRel|Win32.Build.0 = MinSizeRel|Win32
		{BDA400D5-9421-39AD-80D6-1A2FFEF460F0}.RelWithDebInfo|Win32.ActiveCfg = RelWithDebInfo|Win32
		{BDA400D5-9421-39AD-80D6-1A2FFEF460F0}.RelWithDebInfo|Win32.Build.0 = RelWithDebInfo|Win32
		{4332EBB2-74D7-35BA-B7C7-CB517591743E}.Debug|Win32.ActiveCfg = Debug|Win32
		{4332EBB2-74D7-35BA-B7C7-CB517591743E}.Debug|Win32.Build.0 = Debug|Win32
		{4332EBB2-74D7-35BA-B7C7-CB517591743E}.Release|Win32.ActiveCfg = Release|Win32
		{4332EBB2-74D7-35BA-B7C7-CB517591743E}.Release|Win32.Build.0 = Release|Win32
		{4332EBB2-74D7-35BA-B7C7-CB517591743E}.MinSizeRel|Win32.ActiveCfg = MinSizeRel|Win32
		{4332EBB2-74D7-35BA-B7C7-CB517591743E}.MinSizeRel|Win32.Build.0 = MinSizeRel|Win32
		{4332EBB2-74D7-35BA-B7C7-CB517591743E}.RelWithDebInfo|Win32.ActiveCfg = RelWithDebInfo|Win32
		{4332EBB2-74D7-35BA-B7C7-CB517591743E}.RelWithDebInfo|Win32.Build.0 = RelWithDebInfo|Win32
		{D734F6DD-C321-386B-A279-8BB24952EFF1}.Debug|Win32.ActiveCfg = Debug|Win32
		{D734F6DD-C321-386B-A279-8BB24952EFF1}.Debug|Win32.Build.0 = Debug|Win32
		{D734F6DD-C321-386B-A279-8BB24952EFF1}.Release|Win32.ActiveCfg = Release|Win32
		{D734F6DD-C321-386B-A279-8BB24952EFF1}.Release|Win32.Build.0 = Release|Win32
		{D734F6DD-C321-386B-A279-8BB24952EFF1}.MinSizeRel|Win32.ActiveCfg = MinSizeRel|Win32
		{D734F6DD-C321-386B-A279-8BB24952EFF1}.MinSizeRel|Win32.Build.0 = MinSizeRel|Win32
		{D734F6DD-C321-386B-A279-8BB24952EFF1}.RelWithDebInfo|Win32.ActiveCfg = RelWithDebInfo|Win32
		{D734F6DD-C321-386B-A279-8BB24952EFF1}.RelWithDebInfo|Win32.Build.0 = RelWithDebInfo|Win32
		{B4844C3F-E127-33E4-9645-610BB84E08CB}.Debug|Win32.ActiveCfg = Debug|Win32
		{B4844C3F-E127-33E4-9645-610BB84E08CB}.Debug|Win32.Build.0 = Debug|Win32
		{B4844C3F-E127-33E4-9645-610BB84E08CB}.Release|Win32.ActiveCfg = Release|Win32
		{B4844C3F-E127-33E4-9645-610BB84E08CB}.Release|Win32.Build.0 = Release|Win32
		{B4844C3F-E127-33E4-9645-610BB84E08CB}.MinSizeRel|Win32.ActiveCfg = MinSizeRel|Win32
		{B4844C3F-E127-33E4-9645-610BB84E08CB}.MinSizeRel|Win32.Build.0 = MinSizeRel|Win32
		{B4844C3F-E127-33E4-9645-610BB84E08CB}.RelWithDebInfo|Win32.ActiveCfg = RelWithDebInfo|Win32
		{B4844C3F-E127-33E4-9645-610BB84E08CB}.RelWithDebInfo|Win32.Build.0 = RelWithDebInfo|Win32
		{479C0957-BE12-357F-9398-48C2568C61E0}.Debug|Win32.ActiveCfg = Debug|Win32
		{479C0957-BE12-357F-9398-48C2568C61E0}.Debug|Win32.Build.0 = Debug|Win32
		{479C0957-BE12-357F-9398-48C2568C61E0}.Release|Win32.ActiveCfg = Release|Win32
		{479C0957-BE12-357F-9398-48C2568C61E0}.Release|Win32.Build.0 = Release|Win32
		{479C0957-BE12-357F-9398-48C2568C61E0}.MinSizeRel|Win32.ActiveCfg = MinSizeRel|Win32
		{479C0957-BE12-357F-9398-48C2568C61E0}.MinSizeRel|Win32.Build.0 = MinSizeRel|Win32
		{479C0957-BE12-357F-9398-48C2568C61E0}.RelWithDebInfo|Win32.ActiveCfg = RelWithDebInfo|Win32
		{479C0957-BE12-357F-9398-48C2568C61E0}.RelWithDebInfo|Win32.Build.0 = RelWithDebInfo|Win32
		{A16DD3A2-7B86-3062-A7BF-A4798D5BA473}.Debug|Win32.ActiveCfg = Debug|Win32
		{A16DD3A2-7B86-3062-A7BF-A4798D5BA473}.Debug|Win32.Build.0 = Debug|Win32
		{A16DD3A2-7B86-3062-A7BF-A4798D5BA473}.Release|Win32.ActiveCfg = Release|Win32
		{A16DD3A2-7B86-3062-A7BF-A4798D5BA473}.Release|Win32.Build.0 = Release|Win32
		{A16DD3A2-7B86-3062-A7BF-A4798D5BA473}.MinSizeRel|Win32.ActiveCfg = MinSizeRel|Win32
		{A16DD3A2-7B86-3062-A7BF-A4798D5BA473}.MinSizeRel|Win32.Build.0 = MinSizeRel|Win32
		{A16DD3A2-7B86-3062-A7BF-A4798D5BA473}.RelWithDebInfo|Win32.ActiveCfg = RelWithDebInfo|Win32
		{A16DD3A2-7B86-3062-A7BF-A4798D5BA473}.RelWithDebInfo|Win32.Build.0 = RelWithDebInfo|Win32
		{19425D51-366C-3891-8C31-4BAC4BB2A019}.Debug|Win32.ActiveCfg = Debug|Win32
		{19425D51-366C-3891-8C31-4BAC4BB2A019}.Release|Win32.ActiveCfg = Release|Win32
		{19425D51-366C-3891-8C31-4BAC4BB2A019}.MinSizeRel|Win32.ActiveCfg = MinSizeRel|Win32
		{19425D51-366C-3891-8C31-4BAC4BB2A019}.RelWithDebInfo|Win32.ActiveCfg = RelWithDebInfo|Win32
		{58671543-346E-345B-9965-981EC2C4793F}.Debug|Win32.ActiveCfg = Debug|Win32
		{58671543-346E-345B-9965-981EC2C4793F}.Debug|Win32.Build.0 = Debug|Win32
		{58671543-346E-345B-9965-981EC2C4793F}.Release|Win32.ActiveCfg = Release|Win32
		{58671543-346E-345B-9965-981EC2C4793F}.Release|Win32.Build.0 = Release|Win32
		{58671543-346E-345B-9965-981EC2C4793F}.MinSizeRel|Win32.ActiveCfg = MinSizeRel|Win32
		{58671543-346E-345B-9965-981EC2C4793F}.MinSizeRel|Win32.Build.0 = MinSizeRel|Win32
		{58671543-346E-345B-9965-981EC2C4793F}.RelWithDebInfo|Win32.ActiveCfg = RelWithDebInfo|Win32
		{58671543-346E-345B-9965-981EC2C4793F}.RelWithDebInfo|Win32.Build.0 = RelWithDebInfo|Win32
		{B64A8DFB-726B-390B-8B54-076A5A1CA5A7}.Debug|Win32.ActiveCfg = Debug|Win32
		{B64A8DFB-726B-390B-8B54-076A5A1CA5A7}.Debug|Win32.Build.0 = Debug|Win32
		{B64A8DFB-726B-390B-8B54-076A5A1CA5A7}.Release|Win32.ActiveCfg = Release|Win32
		{B64A8DFB-726B-390B-8B54-076A5A1CA5A7}.Release|Win32.Build.0 = Release|Win32
		{B64A8DFB-726B-390B-8B54-076A5A1CA5A7}.MinSizeRel|Win32.ActiveCfg = MinSizeRel|Win32
		{B64A8DFB-726B-390B-8B54-076A5A1CA5A7}.MinSizeRel|Win32.Build.0 = MinSizeRel|Win32
		{B64A8DFB-726B-390B-8B54-076A5A1CA5A7}.RelWithDebInfo|Win32.ActiveCfg = RelWithDebInfo|Win32
		{B64A8DFB-726B-390B-8B54-076A5A1CA5A7}.RelWithDebInfo|Win32.Build.0 = RelWithDebInfo|Win32
		{25799A6A-C88A-3044-BC92-02C826B42A86}.Debug|Win32.ActiveCfg = Debug|Win32
		{25799A6A-C88A-3044-BC92-02C826B42A86}.Debug|Win32.Build.0 = Debug|Win32
		{25799A6A-C88A-3044-BC92-02C826B42A86}.Release|Win32.ActiveCfg = Release|Win32
		{25799A6A-C88A-3044-BC92-02C826B42A86}.Release|Win32.Build.0 = Release|Win32
		{25799A6A-C88A-3044-BC92-02C826B42A86}.MinSizeRel|Win32.ActiveCfg = MinSizeRel|Win32
		{25799A6A-C88A-3044-BC92-02C826B42A86}.MinSizeRel|Win32.Build.0 = MinSizeRel|Win32
		{25799A6A-C88A-3044-BC92-02C826B42A86}.RelWithDebInfo|Win32.ActiveCfg = RelWithDebInfo|Win32
		{25799A6A-C88A-3044-BC92-02C826B42A86}.RelWithDebInfo|Win32.Build.0 = RelWithDebInfo|Win32
		{50EDF6D4-17FB-3DD0-A75D-17A96F78F71C}.Debug|Win32.ActiveCfg = Debug|Win32
		{50EDF6D4-17FB-3DD0-A75D-17A96F78F71C}.Debug|Win32.Build.0 = Debug|Win32
		{50EDF6D4-17FB-3DD0-A75D-17A96F78F71C}.Release|Win32.ActiveCfg = Release|Win32
		{50EDF6D4-17FB-3DD0-A75D-17A96F78F71C}.Release|Win32.Build.0 = Release|Win32
		{50EDF6D4-17FB-3DD0-A75D-17A96F78F71C}.MinSizeRel|Win32.ActiveCfg = MinSizeRel|Win32
		{50EDF6D4-17FB-3DD0-A75D-17A96F78F71C}.MinSizeRel|Win32.Build.0 = MinSizeRel|Win32
		{50EDF6D4-17FB-3DD0-A75D-17A96F78F71C}.RelWithDebInfo|Win32.ActiveCfg = RelWithDebInfo|Win32
		{50EDF6D4-17FB-3DD0-A75D-17A96F78F71C}.RelWithDebInfo|Win32.Build.0 = RelWithDebInfo|Win32
		{033612A8-50B7-34B2-9115-A66B83794EC4}.Debug|Win32.ActiveCfg = Debug|Win32
		{033612A8-50B7-34B2-9115-A66B83794EC4}.Debug|Win32.Build.0 = Debug|Win32
		{033612A8-50B7-34B2-9115-A66B83794EC4}.Release|Win32.ActiveCfg = Release|Win32
		{033612A8-50B7-34B2-9115-A66B83794EC4}.Release|Win32.Build.0 = Release|Win32
		{033612A8-50B7-34B2-9115-A66B83794EC4}.MinSizeRel|Win32.ActiveCfg = MinSizeRel|Win32
		{033612A8-50B7-34B2-9115-A66B83794EC4}.MinSizeRel|Win32.Build.0 = MinSizeRel|Win32
		{033612A8-50B7-34B2-9115-A66B83794EC4}.RelWithDebInfo|Win32.ActiveCfg = RelWithDebInfo|Win32
		{033612A8-50B7-34B2-9115-A66B83794EC4}.RelWithDebInfo|Win32.Build.0 = RelWithDebInfo|Win32
		{AE48A54A-B6ED-331E-8114-E1ABEE35DC4F}.Debug|Win32.ActiveCfg = Debug|Win32
		{AE48A54A-B6ED-331E-8114-E1ABEE35DC4F}.Debug|Win32.Build.0 = Debug|Win32
		{AE48A54A-B6ED-331E-8114-E1ABEE35DC4F}.Release|Win32.ActiveCfg = Release|Win32
		{AE48A54A-B6ED-331E-8114-E1ABEE35DC4F}.Release|Win32.Build.0 = Release|Win32
		{AE48A54A-B6ED-331E-8114-E1ABEE35DC4F}.MinSizeRel|Win32.ActiveCfg = MinSizeRel|Win32
		{AE48A54A-B6ED-331E-8114-E1ABEE35DC4F}.MinSizeRel|Win32.Build.0 = MinSizeRel|Win32
		{AE48A54A-B6ED-331E-8114-E1ABEE35DC4F}.RelWithDebInfo|Win32.ActiveCfg = RelWithDebInfo|Win32
		{AE48A54A-B6ED-331E-8114-E1ABEE35DC4F}.RelWithDebInfo|Win32.Build.0 = RelWithDebInfo|Win32
		{165F35FB-923D-3996-A626-C3CC2016CA41}.Debug|Win32.ActiveCfg = Debug|Win32
		{165F35FB-923D-3996-A626-C3CC2016CA41}.Debug|Win32.Build.0 = Debug|Win32
		{165F35FB-923D-3996-A626-C3CC2016CA41}.Release|Win32.ActiveCfg = Release|Win32
		{165F35FB-923D-3996-A626-C3CC2016CA41}.Release|Win32.Build.0 = Release|Win32
		{165F35FB-923D-3996-A626-C3CC2016CA41}.MinSizeRel|Win32.ActiveCfg = MinSizeRel|Win32
		{165F35FB-923D-3996-A626-C3CC2016CA41}.MinSizeRel|Win32.Build.0 = MinSizeRel|Win32
		{165F35FB-923D-3996-A626-C3CC2016CA41}.RelWithDebInfo|Win32.ActiveCfg = RelWithDebInfo|Win32
		{165F35FB-923D-3996-A626-C3CC2016CA41}.RelWithDebInfo|Win32.Build.0 = RelWithDebInfo|Win32
		{842C6BD8-258B-3BFD-ABEA-5C52022E5418}.Debug|Win32.ActiveCfg = Debug|Win32
		{842C6BD8-258B-3BFD-ABEA-5C52022E5418}.Debug|Win32.Build.0 = Debug|Win32
		{842C6BD8-258B-3BFD-ABEA-5C52022E5418}.Release|Win32.ActiveCfg = Release|Win32
		{842C6BD8-258B-3BFD-ABEA-5C52022E5418}.Release|Win32.Build.0 = Release|Win32
		{842C6BD8-258B-3BFD-ABEA-5C52022E5418}.MinSizeRel|Win32.ActiveCfg = MinSizeRel|Win32
		{842C6BD8-258B-3BFD-ABEA-5C52022E5418}.MinSizeRel|Win32.Build.0 = MinSizeRel|Win32
		{842C6BD8-258B-3BFD-ABEA-5C52022E5418}.RelWithDebInfo|Win32.ActiveCfg = RelWithDebInfo|Win32
		{842C6BD8-258B-3BFD-ABEA-5C52022E5418}.RelWithDebInfo|Win32.Build.0 = RelWithDebInfo|Win32
		{E2D7514F-69F0-3246-9F81-454127E59A7B}.Debug|Win32.ActiveCfg = Debug|Win32
		{E2D7514F-69F0-3246-9F81-454127E59A7B}.Debug|Win32.Build.0 = Debug|Win32
		{E2D7514F-69F0-3246-9F81-454127E59A7B}.Release|Win32.ActiveCfg = Release|Win32
		{E2D7514F-69F0-3246-9F81-454127E59A7B}.Release|Win32.Build.0 = Release|Win32
		{E2D7514F-69F0-3246-9F81-454127E59A7B}.MinSizeRel|Win32.ActiveCfg = MinSizeRel|Win32
		{E2D7514F-69F0-3246-9F81-454127E59A7B}.MinSizeRel|Win32.Build.0 = MinSizeRel|Win32
		{E2D7514F-69F0-3246-9F81-454127E59A7B}.RelWithDebInfo|Win32.ActiveCfg = RelWithDebInfo|Win32
		{E2D7514F-69F0-3246-9F81-454127E59A7B}.RelWithDebInfo|Win32.Build.0 = RelWithDebInfo|Win32
		{376C8593-17C8-3FA1-BAF3-91E26838D513}.Debug|Win32.ActiveCfg = Debug|Win32
		{376C8593-17C8-3FA1-BAF3-91E26838D513}.Debug|Win32.Build.0 = Debug|Win32
		{376C8593-17C8-3FA1-BAF3-91E26838D513}.Release|Win32.ActiveCfg = Release|Win32
		{376C8593-17C8-3FA1-BAF3-91E26838D513}.Release|Win32.Build.0 = Release|Win32
		{376C8593-17C8-3FA1-BAF3-91E26838D513}.MinSizeRel|Win32.ActiveCfg = MinSizeRel|Win32
		{376C8593-17C8-3FA1-BAF3-91E26838D513}.MinSizeRel|Win32.Build.0 = MinSizeRel|Win32
		{376C8593-17C8-3FA1-BAF3-91E26838D513}.RelWithDebInfo|Win32.ActiveCfg = RelWithDebInfo|Win32
		{376C8593-17C8-3FA1-BAF3-91E26838D513}.RelWithDebInfo|Win32.Build.0 = RelWithDebInfo|Win32
		{6A0082E7-5B78-39EB-98C9-306C7CCCB71E}.Debug|Win32.ActiveCfg = Debug|Win32
		{6A0082E7-5B78-39EB-98C9-306C7CCCB71E}.Debug|Win32.Build.0 = Debug|Win32
		{6A0082E7-5B78-39EB-98C9-306C7CCCB71E}.Release|Win32.ActiveCfg = Release|Win32
		{6A0082E7-5B78-39EB-98C9-306C7CCCB71E}.Release|Win32.Build.0 = Release|Win32
		{6A0082E7-5B78-39EB-98C9-306C7CCCB71E}.MinSizeRel|Win32.ActiveCfg = MinSizeRel|Win32
		{6A0082E7-5B78-39EB-98C9-306C7CCCB71E}.MinSizeRel|Win32.Build.0 = MinSizeRel|Win32
		{6A0082E7-5B78-39EB-98C9-306C7CCCB71E}.RelWithDebInfo|Win32.ActiveCfg = RelWithDebInfo|Win32
		{6A0082E7-5B78-39EB-98C9-306C7CCCB71E}.RelWithDebInfo|Win32.Build.0 = RelWithDebInfo|Win32
		{2E3F6B5A-5FBA-3F6A-A493-3FE1C4566EA7}.Debug|Win32.ActiveCfg = Debug|Win32
		{2E3F6B5A-5FBA-3F6A-A493-3FE1C4566EA7}.Debug|Win32.Build.0 = Debug|Win32
		{2E3F6B5A-5FBA-3F6A-A493-3FE1C4566EA7}.Release|Win32.ActiveCfg = Release|Win32
		{2E3F6B5A-5FBA-3F6A-A493-3FE1C4566EA7}.Release|Win32.Build.0 = Release|Win32
		{2E3F6B5A-5FBA-3F6A-A493-3FE1C4566EA7}.MinSizeRel|Win32.ActiveCfg = MinSizeRel|Win32
		{2E3F6B5A-5FBA-3F6A-A493-3FE1C4566EA7}.MinSizeRel|Win32.Build.0 = MinSizeRel|Win32
		{2E3F6B5A-5FBA-3F6A-A493-3FE1C4566EA7}.RelWithDebInfo|Win32.ActiveCfg = RelWithDebInfo|Win32
		{2E3F6B5A-5FBA-3F6A-A493-3FE1C4566EA7}.RelWithDebInfo|Win32.Build.0 = RelWithDebInfo|Win32
		{4454D308-2A25-3243-BD7F-950683B45A0E}.Debug|Win32.ActiveCfg = Debug|Win32
		{4454D308-2A25-3243-BD7F-950683B45A0E}.Debug|Win32.Build.0 = Debug|Win32
		{4454D308-2A25-3243-BD7F-950683B45A0E}.Release|Win32.ActiveCfg = Release|Win32
		{4454D308-2A25-3243-BD7F-950683B45A0E}.Release|Win32.Build.0 = Release|Win32
		{4454D308-2A25-3243-BD7F-950683B45A0E}.MinSizeRel|Win32.ActiveCfg = MinSizeRel|Win32
		{4454D308-2A25-3243-BD7F-950683B45A0E}.MinSizeRel|Win32.Build.0 = MinSizeRel|Win32
		{4454D308-2A25-3243-BD7F-950683B45A0E}.RelWithDebInfo|Win32.ActiveCfg = RelWithDebInfo|Win32
		{4454D308-2A25-3243-BD7F-950683B45A0E}.RelWithDebInfo|Win32.Build.0 = RelWithDebInfo|Win32
		{A50574F0-487A-3A31-8C06-D18AD56DA991}.Debug|Win32.ActiveCfg = Debug|Win32
		{A50574F0-487A-3A31-8C06-D18AD56DA991}.Debug|Win32.Build.0 = Debug|Win32
		{A50574F0-487A-3A31-8C06-D18AD56DA991}.Release|Win32.ActiveCfg = Release|Win32
		{A50574F0-487A-3A31-8C06-D18AD56DA991}.Release|Win32.Build.0 = Release|Win32
		{A50574F0-487A-3A31-8C06-D18AD56DA991}.MinSizeRel|Win32.ActiveCfg = MinSizeRel|Win32
		{A50574F0-487A-3A31-8C06-D18AD56DA991}.MinSizeRel|Win32.Build.0 = MinSizeRel|Win32
		{A50574F0-487A-3A31-8C06-D18AD56DA991}.RelWithDebInfo|Win32.ActiveCfg = RelWithDebInfo|Win32
		{A50574F0-487A-3A31-8C06-D18AD56DA991}.RelWithDebInfo|Win32.Build.0 = RelWithDebInfo|Win32
		{65544610-7925-35BE-A6A5-4D641FD1DA92}.Debug|Win32.ActiveCfg = Debug|Win32
		{65544610-7925-35BE-A6A5-4D641FD1DA92}.Debug|Win32.Build.0 = Debug|Win32
		{65544610-7925-35BE-A6A5-4D641FD1DA92}.Release|Win32.ActiveCfg = Release|Win32
		{65544610-7925-35BE-A6A5-4D641FD1DA92}.Release|Win32.Build.0 = Release|Win32
		{65544610-7925-35BE-A6A5-4D641FD1DA92}.MinSizeRel|Win32.ActiveCfg = MinSizeRel|Win32
		{65544610-7925-35BE-A6A5-4D641FD1DA92}.MinSizeRel|Win32.Build.0 = MinSizeRel|Win32
		{65544610-7925-35BE-A6A5-4D641FD1DA92}.RelWithDebInfo|Win32.ActiveCfg = RelWithDebInfo|Win32
		{65544610-7925-35BE-A6A5-4D641FD1DA92}.RelWithDebInfo|Win32.Build.0 = RelWithDebInfo|Win32
		{98BE33A0-0771-31EF-8DF0-A53CE1AE580B}.Debug|Win32.ActiveCfg = Debug|Win32
		{98BE33A0-0771-31EF-8DF0-A53CE1AE580B}.Debug|Win32.Build.0 = Debug|Win32
		{98BE33A0-0771-31EF-8DF0-A53CE1AE580B}.Release|Win32.ActiveCfg = Release|Win32
		{98BE33A0-0771-31EF-8DF0-A53CE1AE580B}.Release|Win32.Build.0 = Release|Win32
		{98BE33A0-0771-31EF-8DF0-A53CE1AE580B}.MinSizeRel|Win32.ActiveCfg = MinSizeRel|Win32
		{98BE33A0-0771-31EF-8DF0-A53CE1AE580B}.MinSizeRel|Win32.Build.0 = MinSizeRel|Win32
		{98BE33A0-0771-31EF-8DF0-A53CE1AE580B}.RelWithDebInfo|Win32.ActiveCfg = RelWithDebInfo|Win32
		{98BE33A0-0771-31EF-8DF0-A53CE1AE580B}.RelWithDebInfo|Win32.Build.0 = RelWithDebInfo|Win32
		{2BF15AA3-CE88-3BE5-977F-B48217A5CBB8}.Debug|Win32.ActiveCfg = Debug|Win32
		{2BF15AA3-CE88-3BE5-977F-B48217A5CBB8}.Debug|Win32.Build.0 = Debug|Win32
		{2BF15AA3-CE88-3BE5-977F-B48217A5CBB8}.Release|Win32.ActiveCfg = Release|Win32
		{2BF15AA3-CE88-3BE5-977F-B48217A5CBB8}.Release|Win32.Build.0 = Release|Win32
		{2BF15AA3-CE88-3BE5-977F-B48217A5CBB8}.MinSizeRel|Win32.ActiveCfg = MinSizeRel|Win32
		{2BF15AA3-CE88-3BE5-977F-B48217A5CBB8}.MinSizeRel|Win32.Build.0 = MinSizeRel|Win32
		{2BF15AA3-CE88-3BE5-977F-B48217A5CBB8}.RelWithDebInfo|Win32.ActiveCfg = RelWithDebInfo|Win32
		{2BF15AA3-CE88-3BE5-977F-B48217A5CBB8}.RelWithDebInfo|Win32.Build.0 = RelWithDebInfo|Win32
		{99D9ECC1-12EB-3143-824C-D8A7C9AFCAC2}.Debug|Win32.ActiveCfg = Debug|Win32
		{99D9ECC1-12EB-3143-824C-D8A7C9AFCAC2}.Debug|Win32.Build.0 = Debug|Win32
		{99D9ECC1-12EB-3143-824C-D8A7C9AFCAC2}.Release|Win32.ActiveCfg = Release|Win32
		{99D9ECC1-12EB-3143-824C-D8A7C9AFCAC2}.Release|Win32.Build.0 = Release|Win32
		{99D9ECC1-12EB-3143-824C-D8A7C9AFCAC2}.MinSizeRel|Win32.ActiveCfg = MinSizeRel|Win32
		{99D9ECC1-12EB-3143-824C-D8A7C9AFCAC2}.MinSizeRel|Win32.Build.0 = MinSizeRel|Win32
		{99D9ECC1-12EB-3143-824C-D8A7C9AFCAC2}.RelWithDebInfo|Win32.ActiveCfg = RelWithDebInfo|Win32
		{99D9ECC1-12EB-3143-824C-D8A7C9AFCAC2}.RelWithDebInfo|Win32.Build.0 = RelWithDebInfo|Win32
		{CDACA925-8CF0-3AC0-A59B-5988A1696D78}.Debug|Win32.ActiveCfg = Debug|Win32
		{CDACA925-8CF0-3AC0-A59B-5988A1696D78}.Debug|Win32.Build.0 = Debug|Win32
		{CDACA925-8CF0-3AC0-A59B-5988A1696D78}.Release|Win32.ActiveCfg = Release|Win32
		{CDACA925-8CF0-3AC0-A59B-5988A1696D78}.Release|Win32.Build.0 = Release|Win32
		{CDACA925-8CF0-3AC0-A59B-5988A1696D78}.MinSizeRel|Win32.ActiveCfg = MinSizeRel|Win32
		{CDACA925-8CF0-3AC0-A59B-5988A1696D78}.MinSizeRel|Win32.Build.0 = MinSizeRel|Win32
		{CDACA925-8CF0-3AC0-A59B-5988A1696D78}.RelWithDebInfo|Win32.ActiveCfg = RelWithDebInfo|Win32
		{CDACA925-8CF0-3AC0-A59B-5988A1696D78}.RelWithDebInfo|Win32.Build.0 = RelWithDebInfo|Win32
	EndGlobalSection
	GlobalSection(ExtensibilityGlobals) = postSolution
	EndGlobalSection
	GlobalSection(ExtensibilityAddIns) = postSolution
	EndGlobalSection
EndGlobal
