<?xml version="1.0" encoding="UTF-8"?>
<Project ToolsVersion="14.0" xmlns="http://schemas.microsoft.com/developer/msbuild/2003">
  <ItemGroup>
    <CustomBuild Include="C:\Users\Nicholas\Desktop\MPhil Project\MultiFocalStereoDisplay\lib\freeglut-3.0.0\CMakeFiles\6263b1484c2191460e1b0c33c2fda728\INSTALL_force.rule">
      <Filter>CMake Rules</Filter>
    </CustomBuild>
  </ItemGroup>
  <ItemGroup>
    <Filter Include="CMake Rules">
      <UniqueIdentifier>{57B26926-4D5E-3EB1-9D3F-3D53DDD9B995}</UniqueIdentifier>
    </Filter>
  </ItemGroup>
</Project>
